
Microsoft Visual Studio Solution File, Format Version 12.00
# Visual Studio Version 16
VisualStudioVersion = 16.0.29503.13
MinimumVisualStudioVersion = 10.0.40219.1
Project("{9A19103F-16F7-4668-BE54-9A1E7A4F7556}") = "AttentionPlease.Web", "AttentionPlease.Web\AttentionPlease.Web.csproj", "{8B0C4BE8-F97A-4297-BBC7-BB2EEBCD5437}"
EndProject
Project("{9A19103F-16F7-4668-BE54-9A1E7A4F7556}") = "AttentionPlease.Domain", "AttentionPlease.Domain\AttentionPlease.Domain.csproj", "{C159AD3B-4596-4602-966B-4E4D7FF643A7}"
EndProject
Project("{FAE04EC0-301F-11D3-BF4B-00C04F79EFBC}") = "AttentionPlease.Migrations.Console", "AttentionPlease.Migrations.Console\AttentionPlease.Migrations.Console.csproj", "{E69B5107-DE2E-4BBD-ABCC-CE5EC398D863}"
EndProject
Project("{FAE04EC0-301F-11D3-BF4B-00C04F79EFBC}") = "AttentionPlease.EFCore", "AttentionPlease.EFCore\AttentionPlease.EFCore.csproj", "{A8DB5564-9CA6-4BE1-A2C6-051D1882BD11}"
EndProject
Global
	GlobalSection(SolutionConfigurationPlatforms) = preSolution
		Debug|Any CPU = Debug|Any CPU
		Release|Any CPU = Release|Any CPU
	EndGlobalSection
	GlobalSection(ProjectConfigurationPlatforms) = postSolution
		{8B0C4BE8-F97A-4297-BBC7-BB2EEBCD5437}.Debug|Any CPU.ActiveCfg = Debug|Any CPU
		{8B0C4BE8-F97A-4297-BBC7-BB2EEBCD5437}.Debug|Any CPU.Build.0 = Debug|Any CPU
		{8B0C4BE8-F97A-4297-BBC7-BB2EEBCD5437}.Release|Any CPU.ActiveCfg = Release|Any CPU
		{8B0C4BE8-F97A-4297-BBC7-BB2EEBCD5437}.Release|Any CPU.Build.0 = Release|Any CPU
		{C159AD3B-4596-4602-966B-4E4D7FF643A7}.Debug|Any CPU.ActiveCfg = Debug|Any CPU
		{C159AD3B-4596-4602-966B-4E4D7FF643A7}.Debug|Any CPU.Build.0 = Debug|Any CPU
		{C159AD3B-4596-4602-966B-4E4D7FF643A7}.Release|Any CPU.ActiveCfg = Release|Any CPU
		{C159AD3B-4596-4602-966B-4E4D7FF643A7}.Release|Any CPU.Build.0 = Release|Any CPU
		{E69B5107-DE2E-4BBD-ABCC-CE5EC398D863}.Debug|Any CPU.ActiveCfg = Debug|Any CPU
		{E69B5107-DE2E-4BBD-ABCC-CE5EC398D863}.Debug|Any CPU.Build.0 = Debug|Any CPU
		{E69B5107-DE2E-4BBD-ABCC-CE5EC398D863}.Release|Any CPU.ActiveCfg = Release|Any CPU
		{E69B5107-DE2E-4BBD-ABCC-CE5EC398D863}.Release|Any CPU.Build.0 = Release|Any CPU
		{A8DB5564-9CA6-4BE1-A2C6-051D1882BD11}.Debug|Any CPU.ActiveCfg = Debug|Any CPU
		{A8DB5564-9CA6-4BE1-A2C6-051D1882BD11}.Debug|Any CPU.Build.0 = Debug|Any CPU
		{A8DB5564-9CA6-4BE1-A2C6-051D1882BD11}.Release|Any CPU.ActiveCfg = Release|Any CPU
		{A8DB5564-9CA6-4BE1-A2C6-051D1882BD11}.Release|Any CPU.Build.0 = Release|Any CPU
	EndGlobalSection
	GlobalSection(SolutionProperties) = preSolution
		HideSolutionNode = FALSE
	EndGlobalSection
	GlobalSection(ExtensibilityGlobals) = postSolution
		SolutionGuid = {6A2A4597-E50B-438E-ADE4-36A7E2C77DF9}
	EndGlobalSection
EndGlobal
